
Microsoft Visual Studio Solution File, Format Version 12.00
# Visual Studio Version 17
VisualStudioVersion = 17.1.32328.378
MinimumVisualStudioVersion = 10.0.40219.1
Project("{2150E333-8FDC-42A3-9474-1A3956D46DE8}") = "ByType", "ByType", "{EBC93F99-6C35-4112-AC7F-59FE770CA7ED}"
EndProject
Project("{2150E333-8FDC-42A3-9474-1A3956D46DE8}") = "ByFeature", "ByFeature", "{6B875664-4F66-49BD-9BC7-7C59D2A37078}"
EndProject
Project("{2150E333-8FDC-42A3-9474-1A3956D46DE8}") = "Shared", "Shared", "{9470AE8B-B0A3-4462-9DE1-3DE64CD8116E}"
EndProject
Project("{2150E333-8FDC-42A3-9474-1A3956D46DE8}") = "01 - Core", "01 - Core", "{4A773A30-5E65-4D93-AC00-DEF16A597149}"
EndProject
Project("{2150E333-8FDC-42A3-9474-1A3956D46DE8}") = "02 - Infrastructures", "02 - Infrastructures", "{08AE1027-3130-436A-AA4F-8DA952402DBF}"
EndProject
Project("{2150E333-8FDC-42A3-9474-1A3956D46DE8}") = "03 - Endpoints", "03 - Endpoints", "{9F57F405-3F46-4DB2-9C21-3629B0E9DE46}"
EndProject
Project("{2150E333-8FDC-42A3-9474-1A3956D46DE8}") = "03 - Endpoints", "03 - Endpoints", "{6188B876-8705-4132-9998-D7BC52A12D2D}"
EndProject
Project("{2150E333-8FDC-42A3-9474-1A3956D46DE8}") = "01 - Core", "01 - Core", "{C07E0477-BF83-4E34-A2C9-28FFFD518378}"
EndProject
Project("{2150E333-8FDC-42A3-9474-1A3956D46DE8}") = "02 - Infrastructures", "02 - Infrastructures", "{59812D05-5F7B-4740-847A-5F3CDE125E78}"
EndProject
Project("{2150E333-8FDC-42A3-9474-1A3956D46DE8}") = "Shared", "Shared", "{5E62EC41-C781-409F-9D07-F9EF8C7595EA}"
EndProject
Project("{FAE04EC0-301F-11D3-BF4B-00C04F79EFBC}") = "Common", "ByType\Shared\Common\Common.csproj", "{7C03FDFA-0EEE-45FE-82D6-4E87715EA365}"
EndProject
Project("{FAE04EC0-301F-11D3-BF4B-00C04F79EFBC}") = "Common", "ByFeature\Shared\Common\Common.csproj", "{C578E786-6133-4C9E-BBA9-8814FD753583}"
EndProject
Project("{FAE04EC0-301F-11D3-BF4B-00C04F79EFBC}") = "DomainModels", "ByType\01 - Core\DomainModels\DomainModels.csproj", "{C8F4F3A5-BF10-4E9A-AD38-0887AEDD38EE}"
EndProject
Project("{FAE04EC0-301F-11D3-BF4B-00C04F79EFBC}") = "DomainModels", "ByFeature\01 - Core\DomainModels\DomainModels.csproj", "{10F52608-8FD5-4A98-8038-57A81E0CC902}"
EndProject
Project("{FAE04EC0-301F-11D3-BF4B-00C04F79EFBC}") = "ApplicationServices", "ByType\01 - Core\ApplicationServices\ApplicationServices.csproj", "{C084700E-1836-494A-BE68-E4A0776F15EE}"
EndProject
Project("{FAE04EC0-301F-11D3-BF4B-00C04F79EFBC}") = "ApplicationServices", "ByFeature\01 - Core\ApplicationServices\ApplicationServices.csproj", "{674F2C2C-BDFF-4B5E-B6DC-D9B8C75E9C0A}"
EndProject
Project("{FAE04EC0-301F-11D3-BF4B-00C04F79EFBC}") = "DataAccess.Sql", "ByType\02 - Infrastructures\DataAccess.Sql\DataAccess.Sql.csproj", "{A791FDFF-E7AB-413E-9FAD-0D7C3E9DBA70}"
EndProject
Project("{FAE04EC0-301F-11D3-BF4B-00C04F79EFBC}") = "DataAccess.Sql", "ByFeature\02 - Infrastructures\DataAccess.Sql\DataAccess.Sql.csproj", "{6FD804BD-06BC-463B-A2C0-2B85B0BA836B}"
EndProject
Project("{FAE04EC0-301F-11D3-BF4B-00C04F79EFBC}") = "Endpoints.WebApi", "ByType\03 - Endpoints\Endpoints.WebApi\Endpoints.WebApi.csproj", "{74DF68AB-2A1D-45C3-A4A7-887098495BFB}"
EndProject
Project("{FAE04EC0-301F-11D3-BF4B-00C04F79EFBC}") = "Endpoints.WebApi", "ByFeature\03 - Endpoints\Endpoints.WebApi\Endpoints.WebApi.csproj", "{44F812B3-6E37-458A-9DDC-19DDFEA4AE7F}"
EndProject
Global
	GlobalSection(SolutionConfigurationPlatforms) = preSolution
		Debug|Any CPU = Debug|Any CPU
		Release|Any CPU = Release|Any CPU
	EndGlobalSection
	GlobalSection(ProjectConfigurationPlatforms) = postSolution
		{7C03FDFA-0EEE-45FE-82D6-4E87715EA365}.Debug|Any CPU.ActiveCfg = Debug|Any CPU
		{7C03FDFA-0EEE-45FE-82D6-4E87715EA365}.Debug|Any CPU.Build.0 = Debug|Any CPU
		{7C03FDFA-0EEE-45FE-82D6-4E87715EA365}.Release|Any CPU.ActiveCfg = Release|Any CPU
		{7C03FDFA-0EEE-45FE-82D6-4E87715EA365}.Release|Any CPU.Build.0 = Release|Any CPU
		{C578E786-6133-4C9E-BBA9-8814FD753583}.Debug|Any CPU.ActiveCfg = Debug|Any CPU
		{C578E786-6133-4C9E-BBA9-8814FD753583}.Debug|Any CPU.Build.0 = Debug|Any CPU
		{C578E786-6133-4C9E-BBA9-8814FD753583}.Release|Any CPU.ActiveCfg = Release|Any CPU
		{C578E786-6133-4C9E-BBA9-8814FD753583}.Release|Any CPU.Build.0 = Release|Any CPU
		{C8F4F3A5-BF10-4E9A-AD38-0887AEDD38EE}.Debug|Any CPU.ActiveCfg = Debug|Any CPU
		{C8F4F3A5-BF10-4E9A-AD38-0887AEDD38EE}.Debug|Any CPU.Build.0 = Debug|Any CPU
		{C8F4F3A5-BF10-4E9A-AD38-0887AEDD38EE}.Release|Any CPU.ActiveCfg = Release|Any CPU
		{C8F4F3A5-BF10-4E9A-AD38-0887AEDD38EE}.Release|Any CPU.Build.0 = Release|Any CPU
		{10F52608-8FD5-4A98-8038-57A81E0CC902}.Debug|Any CPU.ActiveCfg = Debug|Any CPU
		{10F52608-8FD5-4A98-8038-57A81E0CC902}.Debug|Any CPU.Build.0 = Debug|Any CPU
		{10F52608-8FD5-4A98-8038-57A81E0CC902}.Release|Any CPU.ActiveCfg = Release|Any CPU
		{10F52608-8FD5-4A98-8038-57A81E0CC902}.Release|Any CPU.Build.0 = Release|Any CPU
		{C084700E-1836-494A-BE68-E4A0776F15EE}.Debug|Any CPU.ActiveCfg = Debug|Any CPU
		{C084700E-1836-494A-BE68-E4A0776F15EE}.Debug|Any CPU.Build.0 = Debug|Any CPU
		{C084700E-1836-494A-BE68-E4A0776F15EE}.Release|Any CPU.ActiveCfg = Release|Any CPU
		{C084700E-1836-494A-BE68-E4A0776F15EE}.Release|Any CPU.Build.0 = Release|Any CPU
		{674F2C2C-BDFF-4B5E-B6DC-D9B8C75E9C0A}.Debug|Any CPU.ActiveCfg = Debug|Any CPU
		{674F2C2C-BDFF-4B5E-B6DC-D9B8C75E9C0A}.Debug|Any CPU.Build.0 = Debug|Any CPU
		{674F2C2C-BDFF-4B5E-B6DC-D9B8C75E9C0A}.Release|Any CPU.ActiveCfg = Release|Any CPU
		{674F2C2C-BDFF-4B5E-B6DC-D9B8C75E9C0A}.Release|Any CPU.Build.0 = Release|Any CPU
		{A791FDFF-E7AB-413E-9FAD-0D7C3E9DBA70}.Debug|Any CPU.ActiveCfg = Debug|Any CPU
		{A791FDFF-E7AB-413E-9FAD-0D7C3E9DBA70}.Debug|Any CPU.Build.0 = Debug|Any CPU
		{A791FDFF-E7AB-413E-9FAD-0D7C3E9DBA70}.Release|Any CPU.ActiveCfg = Release|Any CPU
		{A791FDFF-E7AB-413E-9FAD-0D7C3E9DBA70}.Release|Any CPU.Build.0 = Release|Any CPU
		{6FD804BD-06BC-463B-A2C0-2B85B0BA836B}.Debug|Any CPU.ActiveCfg = Debug|Any CPU
		{6FD804BD-06BC-463B-A2C0-2B85B0BA836B}.Debug|Any CPU.Build.0 = Debug|Any CPU
		{6FD804BD-06BC-463B-A2C0-2B85B0BA836B}.Release|Any CPU.ActiveCfg = Release|Any CPU
		{6FD804BD-06BC-463B-A2C0-2B85B0BA836B}.Release|Any CPU.Build.0 = Release|Any CPU
		{74DF68AB-2A1D-45C3-A4A7-887098495BFB}.Debug|Any CPU.ActiveCfg = Debug|Any CPU
		{74DF68AB-2A1D-45C3-A4A7-887098495BFB}.Debug|Any CPU.Build.0 = Debug|Any CPU
		{74DF68AB-2A1D-45C3-A4A7-887098495BFB}.Release|Any CPU.ActiveCfg = Release|Any CPU
		{74DF68AB-2A1D-45C3-A4A7-887098495BFB}.Release|Any CPU.Build.0 = Release|Any CPU
		{44F812B3-6E37-458A-9DDC-19DDFEA4AE7F}.Debug|Any CPU.ActiveCfg = Debug|Any CPU
		{44F812B3-6E37-458A-9DDC-19DDFEA4AE7F}.Debug|Any CPU.Build.0 = Debug|Any CPU
		{44F812B3-6E37-458A-9DDC-19DDFEA4AE7F}.Release|Any CPU.ActiveCfg = Release|Any CPU
		{44F812B3-6E37-458A-9DDC-19DDFEA4AE7F}.Release|Any CPU.Build.0 = Release|Any CPU
	EndGlobalSection
	GlobalSection(SolutionProperties) = preSolution
		HideSolutionNode = FALSE
	EndGlobalSection
	GlobalSection(NestedProjects) = preSolution
		{9470AE8B-B0A3-4462-9DE1-3DE64CD8116E} = {EBC93F99-6C35-4112-AC7F-59FE770CA7ED}
		{4A773A30-5E65-4D93-AC00-DEF16A597149} = {EBC93F99-6C35-4112-AC7F-59FE770CA7ED}
		{08AE1027-3130-436A-AA4F-8DA952402DBF} = {EBC93F99-6C35-4112-AC7F-59FE770CA7ED}
		{9F57F405-3F46-4DB2-9C21-3629B0E9DE46} = {EBC93F99-6C35-4112-AC7F-59FE770CA7ED}
		{6188B876-8705-4132-9998-D7BC52A12D2D} = {6B875664-4F66-49BD-9BC7-7C59D2A37078}
		{C07E0477-BF83-4E34-A2C9-28FFFD518378} = {6B875664-4F66-49BD-9BC7-7C59D2A37078}
		{59812D05-5F7B-4740-847A-5F3CDE125E78} = {6B875664-4F66-49BD-9BC7-7C59D2A37078}
		{5E62EC41-C781-409F-9D07-F9EF8C7595EA} = {6B875664-4F66-49BD-9BC7-7C59D2A37078}
		{7C03FDFA-0EEE-45FE-82D6-4E87715EA365} = {9470AE8B-B0A3-4462-9DE1-3DE64CD8116E}
		{C578E786-6133-4C9E-BBA9-8814FD753583} = {5E62EC41-C781-409F-9D07-F9EF8C7595EA}
		{C8F4F3A5-BF10-4E9A-AD38-0887AEDD38EE} = {4A773A30-5E65-4D93-AC00-DEF16A597149}
		{10F52608-8FD5-4A98-8038-57A81E0CC902} = {C07E0477-BF83-4E34-A2C9-28FFFD518378}
		{C084700E-1836-494A-BE68-E4A0776F15EE} = {4A773A30-5E65-4D93-AC00-DEF16A597149}
		{674F2C2C-BDFF-4B5E-B6DC-D9B8C75E9C0A} = {C07E0477-BF83-4E34-A2C9-28FFFD518378}
		{A791FDFF-E7AB-413E-9FAD-0D7C3E9DBA70} = {08AE1027-3130-436A-AA4F-8DA952402DBF}
		{6FD804BD-06BC-463B-A2C0-2B85B0BA836B} = {59812D05-5F7B-4740-847A-5F3CDE125E78}
		{74DF68AB-2A1D-45C3-A4A7-887098495BFB} = {9F57F405-3F46-4DB2-9C21-3629B0E9DE46}
		{44F812B3-6E37-458A-9DDC-19DDFEA4AE7F} = {6188B876-8705-4132-9998-D7BC52A12D2D}
	EndGlobalSection
	GlobalSection(ExtensibilityGlobals) = postSolution
		SolutionGuid = {8F2B83F3-D536-4B39-AB79-BE2FBEDA84E7}
	EndGlobalSection
EndGlobal
